// !$*UTF8*$!
// Modified for WSurf by wsagency in 2026; based on Linen by Kavoye.
{
	archiveVersion = 1;
	classes = {
	};
	objectVersion = 100;
	objects = {

/* Begin PBXBuildFile section */
		EEAA00013027B875008F6668 /* Sparkle in Frameworks */ = {isa = PBXBuildFile; productRef = EEAA00033027B875008F6668 /* Sparkle */; };
		EEAB00013027B875008F6668 /* AnyLanguageModel in Frameworks */ = {isa = PBXBuildFile; productRef = EEAB00033027B875008F6668 /* AnyLanguageModel */; };
		EEAC00013027B875008F6668 /* GRDB in Frameworks */ = {isa = PBXBuildFile; productRef = EEAC00033027B875008F6668 /* GRDB */; };
		EEAC00043027B875008F6668 /* GRDB in Frameworks */ = {isa = PBXBuildFile; productRef = EEAC00053027B875008F6668 /* GRDB */; };
		EEAD00013027B875008F6668 /* MCP in Frameworks */ = {isa = PBXBuildFile; productRef = EEAD00033027B875008F6668 /* MCP */; };
		EEAE00013027B875008F6668 /* Logging in Frameworks */ = {isa = PBXBuildFile; productRef = EEAE00033027B875008F6668 /* Logging */; };
		EEAF00013027B875008F6668 /* CefKit in Frameworks */ = {isa = PBXBuildFile; productRef = EEAF00033027B875008F6668 /* CefKit */; };
/* End PBXBuildFile section */

/* Begin PBXContainerItemProxy section */
		EEC0DE100000000000000008 /* PBXContainerItemProxy */ = {
			isa = PBXContainerItemProxy;
			containerPortal = EE41BFDA3027B875008F6668 /* Project object */;
			proxyType = 1;
			remoteGlobalIDString = EE41BFE13027B875008F6668;
			remoteInfo = WSurf;
		};
/* End PBXContainerItemProxy section */

/* Begin PBXFileReference section */
		EE41BFE23027B875008F6668 /* WSurf.app */ = {isa = PBXFileReference; explicitFileType = wrapper.application; includeInIndex = 0; path = WSurf.app; sourceTree = BUILT_PRODUCTS_DIR; };
		EEC0DE100000000000000002 /* WSurfTests.xctest */ = {isa = PBXFileReference; explicitFileType = wrapper.cfbundle; includeInIndex = 0; path = WSurfTests.xctest; sourceTree = BUILT_PRODUCTS_DIR; };
/* End PBXFileReference section */

/* Begin PBXFileSystemSynchronizedBuildFileExceptionSet section */
		EEAA00043027B875008F6668 /* Exceptions for "WSurf" folder in "WSurf" target */ = {
			isa = PBXFileSystemSynchronizedBuildFileExceptionSet;
			membershipExceptions = (
				Info.plist,
			);
			target = EE41BFE13027B875008F6668 /* WSurf */;
		};
/* End PBXFileSystemSynchronizedBuildFileExceptionSet section */

/* Begin PBXFileSystemSynchronizedRootGroup section */
		EE41BFE43027B875008F6668 /* WSurf */ = {
			isa = PBXFileSystemSynchronizedRootGroup;
			exceptions = (
				EEAA00043027B875008F6668 /* Exceptions for "WSurf" folder in "WSurf" target */,
			);
			path = WSurf;
			sourceTree = "<group>";
		};
		EEC0DE100000000000000003 /* WSurfTests */ = {
			isa = PBXFileSystemSynchronizedRootGroup;
			path = WSurfTests;
			sourceTree = "<group>";
		};
/* End PBXFileSystemSynchronizedRootGroup section */

/* Begin PBXFrameworksBuildPhase section */
		EE41BFDF3027B875008F6668 /* Frameworks */ = {
			isa = PBXFrameworksBuildPhase;
			files = (
				EEAB00013027B875008F6668 /* AnyLanguageModel in Frameworks */,
				EEAD00013027B875008F6668 /* MCP in Frameworks */,
				EEAE00013027B875008F6668 /* Logging in Frameworks */,
				EEAA00013027B875008F6668 /* Sparkle in Frameworks */,
				EEAC00013027B875008F6668 /* GRDB in Frameworks */,
				EEAF00013027B875008F6668 /* CefKit in Frameworks */,
			);
		};
		EEC0DE100000000000000005 /* Frameworks */ = {
			isa = PBXFrameworksBuildPhase;
			files = (
				EEAC00043027B875008F6668 /* GRDB in Frameworks */,
			);
		};
/* End PBXFrameworksBuildPhase section */

/* Begin PBXGroup section */
		EE41BFD93027B875008F6668 = {
			isa = PBXGroup;
			children = (
				EE41BFE43027B875008F6668 /* WSurf */,
				EEC0DE100000000000000003 /* WSurfTests */,
				EE41BFE33027B875008F6668 /* Products */,
			);
			sourceTree = "<group>";
		};
		EE41BFE33027B875008F6668 /* Products */ = {
			isa = PBXGroup;
			children = (
				EE41BFE23027B875008F6668 /* WSurf.app */,
				EEC0DE100000000000000002 /* WSurfTests.xctest */,
			);
			name = Products;
			sourceTree = "<group>";
		};
/* End PBXGroup section */

/* Begin PBXNativeTarget section */
		EE41BFE13027B875008F6668 /* WSurf */ = {
			isa = PBXNativeTarget;
			buildConfigurationList = EE41BFEF3027B877008F6668 /* Build configuration list for PBXNativeTarget "WSurf" */;
			buildPhases = (
				EE41BFDE3027B875008F6668 /* Sources */,
				EE41BFDF3027B875008F6668 /* Frameworks */,
				EE41BFE03027B875008F6668 /* Resources */,
				EEAF00043027B875008F6668 /* Embed Chromium */,
			);
			buildRules = (
			);
			fileSystemSynchronizedGroups = (
				EE41BFE43027B875008F6668 /* WSurf */,
			);
			name = WSurf;
			packageProductDependencies = (
				EEAB00033027B875008F6668 /* AnyLanguageModel */,
				EEAD00033027B875008F6668 /* MCP */,
				EEAE00033027B875008F6668 /* Logging */,
				EEAA00033027B875008F6668 /* Sparkle */,
				EEAC00033027B875008F6668 /* GRDB */,
				EEAF00033027B875008F6668 /* CefKit */,
			);
			productName = WSurf;
			productReference = EE41BFE23027B875008F6668 /* WSurf.app */;
			productType = "com.apple.product-type.application";
		};
		EEC0DE100000000000000001 /* WSurfTests */ = {
			isa = PBXNativeTarget;
			buildConfigurationList = EEC0DE100000000000000009 /* Build configuration list for PBXNativeTarget "WSurfTests" */;
			buildPhases = (
				EEC0DE100000000000000004 /* Sources */,
				EEC0DE100000000000000005 /* Frameworks */,
				EEC0DE100000000000000006 /* Resources */,
			);
			buildRules = (
			);
			dependencies = (
				EEC0DE100000000000000007 /* PBXTargetDependency */,
			);
			fileSystemSynchronizedGroups = (
				EEC0DE100000000000000003 /* WSurfTests */,
			);
			name = WSurfTests;
			packageProductDependencies = (
				EEAC00053027B875008F6668 /* GRDB */,
			);
			productName = WSurfTests;
			productReference = EEC0DE100000000000000002 /* WSurfTests.xctest */;
			productType = "com.apple.product-type.bundle.unit-test";
		};
/* End PBXNativeTarget section */

/* Begin PBXProject section */
		EE41BFDA3027B875008F6668 /* Project object */ = {
			isa = PBXProject;
			attributes = {
				BuildIndependentTargetsInParallel = 1;
				LastSwiftUpdateCheck = 2660;
				LastUpgradeCheck = 2700;
				TargetAttributes = {
					EE41BFE13027B875008F6668 = {
						CreatedOnToolsVersion = 26.6;
					};
					EEC0DE100000000000000001 = {
						CreatedOnToolsVersion = 26.6;
						TestTargetID = EE41BFE13027B875008F6668;
					};
				};
			};
			buildConfigurationList = EE41BFDD3027B875008F6668 /* Build configuration list for PBXProject "WSurf" */;
			developmentRegion = en;
			hasScannedForEncodings = 0;
			knownRegions = (
				en,
				Base,
			);
			mainGroup = EE41BFD93027B875008F6668;
			minimizedProjectReferenceProxies = 1;
			packageReferences = (
				EEAB00023027B875008F6668 /* XCRemoteSwiftPackageReference "AnyLanguageModel" */,
				EEAD00023027B875008F6668 /* XCRemoteSwiftPackageReference "swift-sdk" */,
				EEAE00023027B875008F6668 /* XCRemoteSwiftPackageReference "swift-log" */,
				EEAA00023027B875008F6668 /* XCRemoteSwiftPackageReference "Sparkle" */,
				EEAC00023027B875008F6668 /* XCRemoteSwiftPackageReference "GRDB" */,
				EEAF00023027B875008F6668 /* XCRemoteSwiftPackageReference "CefSwift" */,
			);
			preferredProjectObjectVersion = 100;
			productRefGroup = EE41BFE33027B875008F6668 /* Products */;
			projectDirPath = "";
			projectRoot = "";
			targets = (
				EE41BFE13027B875008F6668 /* WSurf */,
				EEC0DE100000000000000001 /* WSurfTests */,
			);
		};
/* End PBXProject section */

/* Begin PBXResourcesBuildPhase section */
		EE41BFE03027B875008F6668 /* Resources */ = {
			isa = PBXResourcesBuildPhase;
			files = (
			);
		};
		EEC0DE100000000000000006 /* Resources */ = {
			isa = PBXResourcesBuildPhase;
			files = (
			);
		};
/* End PBXResourcesBuildPhase section */

/* Begin PBXShellScriptBuildPhase section */
		EEAF00043027B875008F6668 /* Embed Chromium */ = {
			isa = PBXShellScriptBuildPhase;
			alwaysOutOfDate = 1;
			buildActionMask = 2147483647;
			files = ();
			inputPaths = ();
			name = "Embed Chromium";
			outputPaths = ();
			runOnlyForDeploymentPostprocessing = 0;
			shellPath = /bin/bash;
			shellScript = "\"$SRCROOT/Tools/embed-chromium.sh\"\n";
		};
/* End PBXShellScriptBuildPhase section */

/* Begin PBXSourcesBuildPhase section */
		EE41BFDE3027B875008F6668 /* Sources */ = {
			isa = PBXSourcesBuildPhase;
			files = (
			);
		};
		EEC0DE100000000000000004 /* Sources */ = {
			isa = PBXSourcesBuildPhase;
			files = (
			);
		};
/* End PBXSourcesBuildPhase section */

/* Begin PBXTargetDependency section */
		EEC0DE100000000000000007 /* PBXTargetDependency */ = {
			isa = PBXTargetDependency;
			target = EE41BFE13027B875008F6668 /* WSurf */;
			targetProxy = EEC0DE100000000000000008 /* PBXContainerItemProxy */;
		};
/* End PBXTargetDependency section */

/* Begin XCBuildConfiguration section */
		EE41BFED3027B877008F6668 /* Debug configuration for PBXProject "WSurf" */ = {
			isa = XCBuildConfiguration;
			buildSettings = {
				ALWAYS_SEARCH_USER_PATHS = NO;
				ARCHS = arm64;
				ASSETCATALOG_COMPILER_GENERATE_SWIFT_ASSET_SYMBOL_EXTENSIONS = YES;
				CLANG_ANALYZER_NONNULL = YES;
				CLANG_ANALYZER_NUMBER_OBJECT_CONVERSION = YES_AGGRESSIVE;
				CLANG_CXX_LANGUAGE_STANDARD = "gnu++20";
				CLANG_ENABLE_MODULES = YES;
				CLANG_ENABLE_OBJC_ARC = YES;
				CLANG_ENABLE_OBJC_WEAK = YES;
				CLANG_WARN_BLOCK_CAPTURE_AUTORELEASING = YES;
				CLANG_WARN_BOOL_CONVERSION = YES;
				CLANG_WARN_COMMA = YES;
				CLANG_WARN_CONSTANT_CONVERSION = YES;
				CLANG_WARN_DEPRECATED_OBJC_IMPLEMENTATIONS = YES;
				CLANG_WARN_DIRECT_OBJC_ISA_USAGE = YES_ERROR;
				CLANG_WARN_DOCUMENTATION_COMMENTS = YES;
				CLANG_WARN_EMPTY_BODY = YES;
				CLANG_WARN_ENUM_CONVERSION = YES;
				CLANG_WARN_INFINITE_RECURSION = YES;
				CLANG_WARN_INT_CONVERSION = YES;
				CLANG_WARN_NON_LITERAL_NULL_CONVERSION = YES;
				CLANG_WARN_OBJC_IMPLICIT_RETAIN_SELF = YES;
				CLANG_WARN_OBJC_LITERAL_CONVERSION = YES;
				CLANG_WARN_OBJC_ROOT_CLASS = YES_ERROR;
				CLANG_WARN_QUOTED_INCLUDE_IN_FRAMEWORK_HEADER = YES;
				CLANG_WARN_RANGE_LOOP_ANALYSIS = YES;
				CLANG_WARN_STRICT_PROTOTYPES = YES;
				CLANG_WARN_SUSPICIOUS_MOVE = YES;
				CLANG_WARN_UNGUARDED_AVAILABILITY = YES_AGGRESSIVE;
				CLANG_WARN_UNREACHABLE_CODE = YES;
				CLANG_WARN__DUPLICATE_METHOD_MATCH = YES;
				COPY_PHASE_STRIP = NO;
				DEAD_CODE_STRIPPING = YES;
				DEBUG_INFORMATION_FORMAT = dwarf;
				DEVELOPMENT_TEAM = 5X68L55TNU;
				ENABLE_ENHANCED_SECURITY = YES;
				ENABLE_POINTER_AUTHENTICATION = NO;
				ENABLE_STRICT_OBJC_MSGSEND = YES;
				ENABLE_TESTABILITY = YES;
				ENABLE_USER_SCRIPT_SANDBOXING = YES;
				GCC_C_LANGUAGE_STANDARD = gnu17;
				GCC_DYNAMIC_NO_PIC = NO;
				GCC_NO_COMMON_BLOCKS = YES;
				GCC_OPTIMIZATION_LEVEL = 0;
				GCC_PREPROCESSOR_DEFINITIONS = (
					"DEBUG=1",
					"$(inherited)",
				);
				GCC_WARN_64_TO_32_BIT_CONVERSION = YES;
				GCC_WARN_ABOUT_RETURN_TYPE = YES_ERROR;
				GCC_WARN_UNDECLARED_SELECTOR = YES;
				GCC_WARN_UNINITIALIZED_AUTOS = YES_AGGRESSIVE;
				GCC_WARN_UNUSED_FUNCTION = YES;
				GCC_WARN_UNUSED_VARIABLE = YES;
				LOCALIZATION_PREFERS_STRING_CATALOGS = YES;
				MACOSX_DEPLOYMENT_TARGET = 26.5;
				MTL_ENABLE_DEBUG_INFO = INCLUDE_SOURCE;
				MTL_FAST_MATH = YES;
				ONLY_ACTIVE_ARCH = YES;
				SDKROOT = macosx;
				STRING_CATALOG_GENERATE_SYMBOLS = YES;
				SWIFT_ACTIVE_COMPILATION_CONDITIONS = "DEBUG $(inherited)";
				SWIFT_OPTIMIZATION_LEVEL = "-Onone";
			};
			name = Debug;
		};
		EE41BFEE3027B877008F6668 /* Release configuration for PBXProject "WSurf" */ = {
			isa = XCBuildConfiguration;
			buildSettings = {
				ALWAYS_SEARCH_USER_PATHS = NO;
				ARCHS = arm64;
				ASSETCATALOG_COMPILER_GENERATE_SWIFT_ASSET_SYMBOL_EXTENSIONS = YES;
				CLANG_ANALYZER_NONNULL = YES;
				CLANG_ANALYZER_NUMBER_OBJECT_CONVERSION = YES_AGGRESSIVE;
				CLANG_CXX_LANGUAGE_STANDARD = "gnu++20";
				CLANG_ENABLE_MODULES = YES;
				CLANG_ENABLE_OBJC_ARC = YES;
				CLANG_ENABLE_OBJC_WEAK = YES;
				CLANG_WARN_BLOCK_CAPTURE_AUTORELEASING = YES;
				CLANG_WARN_BOOL_CONVERSION = YES;
				CLANG_WARN_COMMA = YES;
				CLANG_WARN_CONSTANT_CONVERSION = YES;
				CLANG_WARN_DEPRECATED_OBJC_IMPLEMENTATIONS = YES;
				CLANG_WARN_DIRECT_OBJC_ISA_USAGE = YES_ERROR;
				CLANG_WARN_DOCUMENTATION_COMMENTS = YES;
				CLANG_WARN_EMPTY_BODY = YES;
				CLANG_WARN_ENUM_CONVERSION = YES;
				CLANG_WARN_INFINITE_RECURSION = YES;
				CLANG_WARN_INT_CONVERSION = YES;
				CLANG_WARN_NON_LITERAL_NULL_CONVERSION = YES;
				CLANG_WARN_OBJC_IMPLICIT_RETAIN_SELF = YES;
				CLANG_WARN_OBJC_LITERAL_CONVERSION = YES;
				CLANG_WARN_OBJC_ROOT_CLASS = YES_ERROR;
				CLANG_WARN_QUOTED_INCLUDE_IN_FRAMEWORK_HEADER = YES;
				CLANG_WARN_RANGE_LOOP_ANALYSIS = YES;
				CLANG_WARN_STRICT_PROTOTYPES = YES;
				CLANG_WARN_SUSPICIOUS_MOVE = YES;
				CLANG_WARN_UNGUARDED_AVAILABILITY = YES_AGGRESSIVE;
				CLANG_WARN_UNREACHABLE_CODE = YES;
				CLANG_WARN__DUPLICATE_METHOD_MATCH = YES;
				COPY_PHASE_STRIP = NO;
				DEAD_CODE_STRIPPING = YES;
				DEBUG_INFORMATION_FORMAT = "dwarf-with-dsym";
				DEVELOPMENT_TEAM = 5X68L55TNU;
				ENABLE_ENHANCED_SECURITY = YES;
				ENABLE_NS_ASSERTIONS = NO;
				ENABLE_POINTER_AUTHENTICATION = NO;
				ENABLE_STRICT_OBJC_MSGSEND = YES;
				ENABLE_USER_SCRIPT_SANDBOXING = YES;
				GCC_C_LANGUAGE_STANDARD = gnu17;
				GCC_NO_COMMON_BLOCKS = YES;
				GCC_WARN_64_TO_32_BIT_CONVERSION = YES;
				GCC_WARN_ABOUT_RETURN_TYPE = YES_ERROR;
				GCC_WARN_UNDECLARED_SELECTOR = YES;
				GCC_WARN_UNINITIALIZED_AUTOS = YES_AGGRESSIVE;
				GCC_WARN_UNUSED_FUNCTION = YES;
				GCC_WARN_UNUSED_VARIABLE = YES;
				LOCALIZATION_PREFERS_STRING_CATALOGS = YES;
				MACOSX_DEPLOYMENT_TARGET = 26.5;
				MTL_ENABLE_DEBUG_INFO = NO;
				MTL_FAST_MATH = YES;
				SDKROOT = macosx;
				STRING_CATALOG_GENERATE_SYMBOLS = YES;
				SWIFT_COMPILATION_MODE = wholemodule;
			};
			name = Release;
		};
		EE41BFF03027B877008F6668 /* Debug configuration for PBXNativeTarget "WSurf" */ = {
			isa = XCBuildConfiguration;
			buildSettings = {
				ASSETCATALOG_COMPILER_APPICON_NAME = AppIcon;
				ASSETCATALOG_COMPILER_GLOBAL_ACCENT_COLOR_NAME = AccentColor;
				CODE_SIGN_ENTITLEMENTS = WSurf/WSurf.entitlements;
				CODE_SIGN_STYLE = Automatic;
				COMBINE_HIDPI_IMAGES = YES;
				CURRENT_PROJECT_VERSION = 1;
				DEAD_CODE_STRIPPING = YES;
				DEVELOPMENT_TEAM = 5X68L55TNU;
				ENABLE_APP_SANDBOX = NO;
				ENABLE_ENHANCED_SECURITY = YES;
				ENABLE_HARDENED_RUNTIME = YES;
				ENABLE_OUTGOING_NETWORK_CONNECTIONS = YES;
				ENABLE_USER_SCRIPT_SANDBOXING = NO;
				ENABLE_PREVIEWS = YES;
				ENABLE_RESOURCE_ACCESS_AUDIO_INPUT = YES;
				ENABLE_RESOURCE_ACCESS_CAMERA = YES;
				ENABLE_USER_SELECTED_FILES = readonly;
				GENERATE_INFOPLIST_FILE = YES;
				INFOPLIST_FILE = WSurf/Info.plist;
				INFOPLIST_KEY_CFBundleDisplayName = WSurf;
				INFOPLIST_KEY_LSApplicationCategoryType = "public.app-category.productivity";
				INFOPLIST_KEY_NSCameraUsageDescription = "Only websites you allow can use your camera.";
				INFOPLIST_KEY_NSLocationUsageDescription = "Only websites you allow can use your location.";
				INFOPLIST_KEY_NSLocationWhenInUseUsageDescription = "Only websites you allow can use your location.";
				INFOPLIST_KEY_NSMicrophoneUsageDescription = "WSurf uses your microphone for dictation and voice conversations. Websites can use it only with your permission.";
				LD_RUNPATH_SEARCH_PATHS = (
					"$(inherited)",
					"@executable_path/../Frameworks",
				);
				MACOSX_DEPLOYMENT_TARGET = 26.0;
				MARKETING_VERSION = 0.1.0;
				PRODUCT_BUNDLE_IDENTIFIER = io.wsagency.wsurf;
				PRODUCT_NAME = "$(TARGET_NAME)";
				REGISTER_APP_GROUPS = YES;
				STRING_CATALOG_GENERATE_SYMBOLS = YES;
				SWIFT_APPROACHABLE_CONCURRENCY = YES;
				SWIFT_DEFAULT_ACTOR_ISOLATION = MainActor;
				SWIFT_EMIT_LOC_STRINGS = YES;
				SWIFT_UPCOMING_FEATURE_MEMBER_IMPORT_VISIBILITY = YES;
				SWIFT_VERSION = 6.0;
			};
			name = Debug;
		};
		EE41BFF13027B877008F6668 /* Release configuration for PBXNativeTarget "WSurf" */ = {
			isa = XCBuildConfiguration;
			buildSettings = {
				ASSETCATALOG_COMPILER_APPICON_NAME = AppIcon;
				ASSETCATALOG_COMPILER_GLOBAL_ACCENT_COLOR_NAME = AccentColor;
				CODE_SIGN_ENTITLEMENTS = WSurf/WSurf.entitlements;
				CODE_SIGN_STYLE = Automatic;
				COMBINE_HIDPI_IMAGES = YES;
				CURRENT_PROJECT_VERSION = 1;
				DEAD_CODE_STRIPPING = YES;
				DEVELOPMENT_TEAM = 5X68L55TNU;
				ENABLE_APP_SANDBOX = NO;
				ENABLE_ENHANCED_SECURITY = YES;
				ENABLE_HARDENED_RUNTIME = YES;
				ENABLE_OUTGOING_NETWORK_CONNECTIONS = YES;
				ENABLE_USER_SCRIPT_SANDBOXING = NO;
				ENABLE_PREVIEWS = YES;
				ENABLE_RESOURCE_ACCESS_AUDIO_INPUT = YES;
				ENABLE_RESOURCE_ACCESS_CAMERA = YES;
				ENABLE_USER_SELECTED_FILES = readonly;
				GENERATE_INFOPLIST_FILE = YES;
				INFOPLIST_FILE = WSurf/Info.plist;
				INFOPLIST_KEY_CFBundleDisplayName = WSurf;
				INFOPLIST_KEY_LSApplicationCategoryType = "public.app-category.productivity";
				INFOPLIST_KEY_NSCameraUsageDescription = "Only websites you allow can use your camera.";
				INFOPLIST_KEY_NSLocationUsageDescription = "Only websites you allow can use your location.";
				INFOPLIST_KEY_NSLocationWhenInUseUsageDescription = "Only websites you allow can use your location.";
				INFOPLIST_KEY_NSMicrophoneUsageDescription = "WSurf uses your microphone for dictation and voice conversations. Websites can use it only with your permission.";
				LD_RUNPATH_SEARCH_PATHS = (
					"$(inherited)",
					"@executable_path/../Frameworks",
				);
				MACOSX_DEPLOYMENT_TARGET = 26.0;
				MARKETING_VERSION = 0.1.0;
				PRODUCT_BUNDLE_IDENTIFIER = io.wsagency.wsurf;
				PRODUCT_NAME = "$(TARGET_NAME)";
				PROVISIONING_PROFILE_SPECIFIER = "$(WSURF_PROFILE)";
				REGISTER_APP_GROUPS = YES;
				STRING_CATALOG_GENERATE_SYMBOLS = YES;
				SWIFT_APPROACHABLE_CONCURRENCY = YES;
				SWIFT_DEFAULT_ACTOR_ISOLATION = MainActor;
				SWIFT_EMIT_LOC_STRINGS = YES;
				SWIFT_UPCOMING_FEATURE_MEMBER_IMPORT_VISIBILITY = YES;
				SWIFT_VERSION = 6.0;
			};
			name = Release;
		};
		EEC0DE10000000000000000A /* Debug configuration for PBXNativeTarget "WSurfTests" */ = {
			isa = XCBuildConfiguration;
			buildSettings = {
				BUNDLE_LOADER = "$(TEST_HOST)";
				CODE_SIGN_STYLE = Automatic;
				CURRENT_PROJECT_VERSION = 1;
				DEAD_CODE_STRIPPING = YES;
				DEVELOPMENT_TEAM = 5X68L55TNU;
				GENERATE_INFOPLIST_FILE = YES;
				MACOSX_DEPLOYMENT_TARGET = 26.0;
				MARKETING_VERSION = 0.1.0;
				PRODUCT_BUNDLE_IDENTIFIER = io.wsagency.wsurf.tests;
				PRODUCT_NAME = "$(TARGET_NAME)";
				SWIFT_APPROACHABLE_CONCURRENCY = YES;
				SWIFT_DEFAULT_ACTOR_ISOLATION = MainActor;
				SWIFT_EMIT_LOC_STRINGS = NO;
				SWIFT_UPCOMING_FEATURE_MEMBER_IMPORT_VISIBILITY = YES;
				SWIFT_VERSION = 6.0;
				TEST_HOST = "$(BUILT_PRODUCTS_DIR)/WSurf.app/Contents/MacOS/WSurf";
			};
			name = Debug;
		};
		EEC0DE10000000000000000B /* Release configuration for PBXNativeTarget "WSurfTests" */ = {
			isa = XCBuildConfiguration;
			buildSettings = {
				BUNDLE_LOADER = "$(TEST_HOST)";
				CODE_SIGN_STYLE = Automatic;
				CURRENT_PROJECT_VERSION = 1;
				DEAD_CODE_STRIPPING = YES;
				DEVELOPMENT_TEAM = 5X68L55TNU;
				GENERATE_INFOPLIST_FILE = YES;
				MACOSX_DEPLOYMENT_TARGET = 26.0;
				MARKETING_VERSION = 0.1.0;
				PRODUCT_BUNDLE_IDENTIFIER = io.wsagency.wsurf.tests;
				PRODUCT_NAME = "$(TARGET_NAME)";
				SWIFT_APPROACHABLE_CONCURRENCY = YES;
				SWIFT_DEFAULT_ACTOR_ISOLATION = MainActor;
				SWIFT_EMIT_LOC_STRINGS = NO;
				SWIFT_UPCOMING_FEATURE_MEMBER_IMPORT_VISIBILITY = YES;
				SWIFT_VERSION = 6.0;
				TEST_HOST = "$(BUILT_PRODUCTS_DIR)/WSurf.app/Contents/MacOS/WSurf";
			};
			name = Release;
		};
/* End XCBuildConfiguration section */

/* Begin XCConfigurationList section */
		EE41BFDD3027B875008F6668 /* Build configuration list for PBXProject "WSurf" */ = {
			isa = XCConfigurationList;
			buildConfigurations = (
				EE41BFED3027B877008F6668 /* Debug configuration for PBXProject "WSurf" */,
				EE41BFEE3027B877008F6668 /* Release configuration for PBXProject "WSurf" */,
			);
			defaultConfigurationName = Release;
		};
		EE41BFEF3027B877008F6668 /* Build configuration list for PBXNativeTarget "WSurf" */ = {
			isa = XCConfigurationList;
			buildConfigurations = (
				EE41BFF03027B877008F6668 /* Debug configuration for PBXNativeTarget "WSurf" */,
				EE41BFF13027B877008F6668 /* Release configuration for PBXNativeTarget "WSurf" */,
			);
			defaultConfigurationName = Release;
		};
		EEC0DE100000000000000009 /* Build configuration list for PBXNativeTarget "WSurfTests" */ = {
			isa = XCConfigurationList;
			buildConfigurations = (
				EEC0DE10000000000000000A /* Debug configuration for PBXNativeTarget "WSurfTests" */,
				EEC0DE10000000000000000B /* Release configuration for PBXNativeTarget "WSurfTests" */,
			);
			defaultConfigurationName = Release;
		};
/* End XCConfigurationList section */

/* Begin XCRemoteSwiftPackageReference section */
		EEAA00023027B875008F6668 /* XCRemoteSwiftPackageReference "Sparkle" */ = {
			isa = XCRemoteSwiftPackageReference;
			repositoryURL = "https://github.com/sparkle-project/Sparkle";
			requirement = {
				kind = upToNextMajorVersion;
				minimumVersion = 2.10.0;
			};
		};
		EEAB00023027B875008F6668 /* XCRemoteSwiftPackageReference "AnyLanguageModel" */ = {
			isa = XCRemoteSwiftPackageReference;
			repositoryURL = "https://github.com/huggingface/AnyLanguageModel.git";
			requirement = {
				kind = upToNextMajorVersion;
				minimumVersion = 0.15.1;
			};
		};
		EEAC00023027B875008F6668 /* XCRemoteSwiftPackageReference "GRDB" */ = {
			isa = XCRemoteSwiftPackageReference;
			repositoryURL = "https://github.com/groue/GRDB.swift";
			requirement = {
				kind = upToNextMajorVersion;
				minimumVersion = 7.11.1;
			};
		};
		EEAD00023027B875008F6668 /* XCRemoteSwiftPackageReference "swift-sdk" */ = {
			isa = XCRemoteSwiftPackageReference;
			repositoryURL = "https://github.com/modelcontextprotocol/swift-sdk.git";
			requirement = {
				kind = exactVersion;
				version = 0.12.1;
			};
		};
		EEAE00023027B875008F6668 /* XCRemoteSwiftPackageReference "swift-log" */ = {
			isa = XCRemoteSwiftPackageReference;
			repositoryURL = "https://github.com/apple/swift-log.git";
			requirement = {
				kind = upToNextMajorVersion;
				minimumVersion = 1.5.0;
			};
		};
		EEAF00023027B875008F6668 /* XCRemoteSwiftPackageReference "CefSwift" */ = {
			isa = XCRemoteSwiftPackageReference;
			repositoryURL = "https://github.com/Rajaniraiyn/CefSwift.git";
			requirement = {
				kind = revision;
				revision = 59cad64e124b8efdb6b2ee811963097bb6e689e8;
			};
		};
/* End XCRemoteSwiftPackageReference section */

/* Begin XCSwiftPackageProductDependency section */
		EEAA00033027B875008F6668 /* Sparkle */ = {
			isa = XCSwiftPackageProductDependency;
			package = EEAA00023027B875008F6668 /* XCRemoteSwiftPackageReference "Sparkle" */;
			productName = Sparkle;
		};
		EEAB00033027B875008F6668 /* AnyLanguageModel */ = {
			isa = XCSwiftPackageProductDependency;
			package = EEAB00023027B875008F6668 /* XCRemoteSwiftPackageReference "AnyLanguageModel" */;
			productName = AnyLanguageModel;
		};
		EEAC00033027B875008F6668 /* GRDB */ = {
			isa = XCSwiftPackageProductDependency;
			package = EEAC00023027B875008F6668 /* XCRemoteSwiftPackageReference "GRDB" */;
			productName = GRDB;
		};
		EEAC00053027B875008F6668 /* GRDB */ = {
			isa = XCSwiftPackageProductDependency;
			package = EEAC00023027B875008F6668 /* XCRemoteSwiftPackageReference "GRDB" */;
			productName = GRDB;
		};
		EEAD00033027B875008F6668 /* MCP */ = {
			isa = XCSwiftPackageProductDependency;
			package = EEAD00023027B875008F6668 /* XCRemoteSwiftPackageReference "swift-sdk" */;
			productName = MCP;
		};
		EEAE00033027B875008F6668 /* Logging */ = {
			isa = XCSwiftPackageProductDependency;
			package = EEAE00023027B875008F6668 /* XCRemoteSwiftPackageReference "swift-log" */;
			productName = Logging;
		};
		EEAF00033027B875008F6668 /* CefKit */ = {
			isa = XCSwiftPackageProductDependency;
			package = EEAF00023027B875008F6668 /* XCRemoteSwiftPackageReference "CefSwift" */;
			productName = CefKit;
		};
/* End XCSwiftPackageProductDependency section */
	};
	rootObject = EE41BFDA3027B875008F6668 /* Project object */;
}
